
Microsoft Visual Studio Solution File, Format Version 12.00
# Visual Studio Version 17
VisualStudioVersion = 17.6.33829.357
MinimumVisualStudioVersion = 10.0.40219.1
Project("{FAE04EC0-301F-11D3-BF4B-00C04F79EFBC}") = "AudioFormatConverter", "AudioFormatConverter\AudioFormatConverter.csproj", "{244906FD-4F6B-4254-8CD1-4BBB73A20E4A}"
EndProject
Global
	GlobalSection(SolutionConfigurationPlatforms) = preSolution
		Debug|Any CPU = Debug|Any CPU
		Release|Any CPU = Release|Any CPU
	EndGlobalSection
	GlobalSection(ProjectConfigurationPlatforms) = postSolution
		{244906FD-4F6B-4254-8CD1-4BBB73A20E4A}.Debug|Any CPU.ActiveCfg = Debug|Any CPU
		{244906FD-4F6B-4254-8CD1-4BBB73A20E4A}.Debug|Any CPU.Build.0 = Debug|Any CPU
		{244906FD-4F6B-4254-8CD1-4BBB73A20E4A}.Release|Any CPU.ActiveCfg = Release|Any CPU
		{244906FD-4F6B-4254-8CD1-4BBB73A20E4A}.Release|Any CPU.Build.0 = Release|Any CPU
	EndGlobalSection
	GlobalSection(SolutionProperties) = preSolution
		HideSolutionNode = FALSE
	EndGlobalSection
	GlobalSection(ExtensibilityGlobals) = postSolution
		SolutionGuid = {AEBB0CE8-F229-4991-A05C-70DBE9088B2E}
	EndGlobalSection
EndGlobal
